// !$*UTF8*$!
{
	archiveVersion = 1;
	classes = {
	};
	objectVersion = 46;
	objects = {

/* Begin PBXBuildFile section */
		A833769A1A4947F4004AE3F0 /* UIKit.framework in Frameworks */ = {isa = PBXBuildFile; fileRef = A83376991A4947F4004AE3F0 /* UIKit.framework */; };
		A833769C1A4947F9004AE3F0 /* QuartzCore.framework in Frameworks */ = {isa = PBXBuildFile; fileRef = A833769B1A4947F9004AE3F0 /* QuartzCore.framework */; };
		A87676C01A49447700BA0784 /* JBChartFramework.framework in Frameworks */ = {isa = PBXBuildFile; fileRef = A87676B41A49447700BA0784 /* JBChartFramework.framework */; };
		A89AA40D1C4CB6990060F9EA /* NSMutableArray+JBStack.h in Headers */ = {isa = PBXBuildFile; fileRef = A89AA3EC1C4CB6990060F9EA /* NSMutableArray+JBStack.h */; };
		A89AA40E1C4CB6990060F9EA /* NSMutableArray+JBStack.m in Sources */ = {isa = PBXBuildFile; fileRef = A89AA3ED1C4CB6990060F9EA /* NSMutableArray+JBStack.m */; };
		A89AA40F1C4CB6990060F9EA /* JBBarChartView.h in Headers */ = {isa = PBXBuildFile; fileRef = A89AA3EF1C4CB6990060F9EA /* JBBarChartView.h */; settings = {ATTRIBUTES = (Public, ); }; };
		A89AA4101C4CB6990060F9EA /* JBBarChartView.m in Sources */ = {isa = PBXBuildFile; fileRef = A89AA3F01C4CB6990060F9EA /* JBBarChartView.m */; };
		A89AA4111C4CB6990060F9EA /* JBGradientBarView.h in Headers */ = {isa = PBXBuildFile; fileRef = A89AA3F11C4CB6990060F9EA /* JBGradientBarView.h */; };
		A89AA4121C4CB6990060F9EA /* JBGradientBarView.m in Sources */ = {isa = PBXBuildFile; fileRef = A89AA3F21C4CB6990060F9EA /* JBGradientBarView.m */; };
		A89AA4131C4CB6990060F9EA /* JBChartView.h in Headers */ = {isa = PBXBuildFile; fileRef = A89AA3F51C4CB6990060F9EA /* JBChartView.h */; settings = {ATTRIBUTES = (Public, ); }; };
		A89AA4141C4CB6990060F9EA /* JBChartView.m in Sources */ = {isa = PBXBuildFile; fileRef = A89AA3F61C4CB6990060F9EA /* JBChartView.m */; };
		A89AA4151C4CB6990060F9EA /* JBLineChartView.h in Headers */ = {isa = PBXBuildFile; fileRef = A89AA3F81C4CB6990060F9EA /* JBLineChartView.h */; settings = {ATTRIBUTES = (Public, ); }; };
		A89AA4161C4CB6990060F9EA /* JBLineChartView.m in Sources */ = {isa = PBXBuildFile; fileRef = A89AA3F91C4CB6990060F9EA /* JBLineChartView.m */; };
		A89AA4171C4CB6990060F9EA /* JBGradientLineLayer.h in Headers */ = {isa = PBXBuildFile; fileRef = A89AA3FA1C4CB6990060F9EA /* JBGradientLineLayer.h */; };
		A89AA4181C4CB6990060F9EA /* JBGradientLineLayer.m in Sources */ = {isa = PBXBuildFile; fileRef = A89AA3FB1C4CB6990060F9EA /* JBGradientLineLayer.m */; };
		A89AA4191C4CB6990060F9EA /* JBShapeLineLayer.h in Headers */ = {isa = PBXBuildFile; fileRef = A89AA3FC1C4CB6990060F9EA /* JBShapeLineLayer.h */; };
		A89AA41A1C4CB6990060F9EA /* JBShapeLineLayer.m in Sources */ = {isa = PBXBuildFile; fileRef = A89AA3FD1C4CB6990060F9EA /* JBShapeLineLayer.m */; };
		A89AA41B1C4CB6990060F9EA /* JBLineChartLine.h in Headers */ = {isa = PBXBuildFile; fileRef = A89AA3FF1C4CB6990060F9EA /* JBLineChartLine.h */; };
		A89AA41C1C4CB6990060F9EA /* JBLineChartLine.m in Sources */ = {isa = PBXBuildFile; fileRef = A89AA4001C4CB6990060F9EA /* JBLineChartLine.m */; };
		A89AA41D1C4CB6990060F9EA /* JBLineChartPoint.h in Headers */ = {isa = PBXBuildFile; fileRef = A89AA4011C4CB6990060F9EA /* JBLineChartPoint.h */; };
		A89AA41E1C4CB6990060F9EA /* JBLineChartPoint.m in Sources */ = {isa = PBXBuildFile; fileRef = A89AA4021C4CB6990060F9EA /* JBLineChartPoint.m */; };
		A89AA41F1C4CB6990060F9EA /* JBLineChartDotsView.h in Headers */ = {isa = PBXBuildFile; fileRef = A89AA4041C4CB6990060F9EA /* JBLineChartDotsView.h */; };
		A89AA4201C4CB6990060F9EA /* JBLineChartDotsView.m in Sources */ = {isa = PBXBuildFile; fileRef = A89AA4051C4CB6990060F9EA /* JBLineChartDotsView.m */; };
		A89AA4211C4CB6990060F9EA /* JBLineChartDotView.h in Headers */ = {isa = PBXBuildFile; fileRef = A89AA4061C4CB6990060F9EA /* JBLineChartDotView.h */; };
		A89AA4221C4CB6990060F9EA /* JBLineChartDotView.m in Sources */ = {isa = PBXBuildFile; fileRef = A89AA4071C4CB6990060F9EA /* JBLineChartDotView.m */; };
		A89AA4231C4CB6990060F9EA /* JBLineChartLinesView.h in Headers */ = {isa = PBXBuildFile; fileRef = A89AA4081C4CB6990060F9EA /* JBLineChartLinesView.h */; };
		A89AA4241C4CB6990060F9EA /* JBLineChartLinesView.m in Sources */ = {isa = PBXBuildFile; fileRef = A89AA4091C4CB6990060F9EA /* JBLineChartLinesView.m */; };
		A89AA4261C4CB6F40060F9EA /* JBChartFramework.h in Headers */ = {isa = PBXBuildFile; fileRef = A89AA4251C4CB6F40060F9EA /* JBChartFramework.h */; settings = {ATTRIBUTES = (Public, ); }; };
/* End PBXBuildFile section */

/* Begin PBXContainerItemProxy section */
		A87676C11A49447700BA0784 /* PBXContainerItemProxy */ = {
			isa = PBXContainerItemProxy;
			containerPortal = A87676AB1A49447700BA0784 /* Project object */;
			proxyType = 1;
			remoteGlobalIDString = A87676B31A49447700BA0784;
			remoteInfo = JBChartFramework;
		};
		A89AA3EA1C4CB63C0060F9EA /* PBXContainerItemProxy */ = {
			isa = PBXContainerItemProxy;
			containerPortal = A89AA3E61C4CB63C0060F9EA /* JBChartViewDemo.xcodeproj */;
			proxyType = 2;
			remoteGlobalIDString = 9B2E530118218CF20079B9D2;
			remoteInfo = JBChartViewDemo;
		};
/* End PBXContainerItemProxy section */

/* Begin PBXFileReference section */
		A83376991A4947F4004AE3F0 /* UIKit.framework */ = {isa = PBXFileReference; lastKnownFileType = wrapper.framework; name = UIKit.framework; path = System/Library/Frameworks/UIKit.framework; sourceTree = SDKROOT; };
		A833769B1A4947F9004AE3F0 /* QuartzCore.framework */ = {isa = PBXFileReference; lastKnownFileType = wrapper.framework; name = QuartzCore.framework; path = System/Library/Frameworks/QuartzCore.framework; sourceTree = SDKROOT; };
		A87676B41A49447700BA0784 /* JBChartFramework.framework */ = {isa = PBXFileReference; explicitFileType = wrapper.framework; includeInIndex = 0; path = JBChartFramework.framework; sourceTree = BUILT_PRODUCTS_DIR; };
		A87676BF1A49447700BA0784 /* JBChartFrameworkTests.xctest */ = {isa = PBXFileReference; explicitFileType = wrapper.cfbundle; includeInIndex = 0; path = JBChartFrameworkTests.xctest; sourceTree = BUILT_PRODUCTS_DIR; };
		A89AA3E61C4CB63C0060F9EA /* JBChartViewDemo.xcodeproj */ = {isa = PBXFileReference; lastKnownFileType = "wrapper.pb-project"; name = JBChartViewDemo.xcodeproj; path = ../graphPON/Seeds/JBChartView/JBChartViewDemo/JBChartViewDemo.xcodeproj; sourceTree = "<group>"; };
		A89AA3EC1C4CB6990060F9EA /* NSMutableArray+JBStack.h */ = {isa = PBXFileReference; fileEncoding = 4; lastKnownFileType = sourcecode.c.h; path = "NSMutableArray+JBStack.h"; sourceTree = "<group>"; };
		A89AA3ED1C4CB6990060F9EA /* NSMutableArray+JBStack.m */ = {isa = PBXFileReference; fileEncoding = 4; lastKnownFileType = sourcecode.c.objc; path = "NSMutableArray+JBStack.m"; sourceTree = "<group>"; };
		A89AA3EF1C4CB6990060F9EA /* JBBarChartView.h */ = {isa = PBXFileReference; fileEncoding = 4; lastKnownFileType = sourcecode.c.h; path = JBBarChartView.h; sourceTree = "<group>"; };
		A89AA3F01C4CB6990060F9EA /* JBBarChartView.m */ = {isa = PBXFileReference; fileEncoding = 4; lastKnownFileType = sourcecode.c.objc; path = JBBarChartView.m; sourceTree = "<group>"; };
		A89AA3F11C4CB6990060F9EA /* JBGradientBarView.h */ = {isa = PBXFileReference; fileEncoding = 4; lastKnownFileType = sourcecode.c.h; path = JBGradientBarView.h; sourceTree = "<group>"; };
		A89AA3F21C4CB6990060F9EA /* JBGradientBarView.m */ = {isa = PBXFileReference; fileEncoding = 4; lastKnownFileType = sourcecode.c.objc; path = JBGradientBarView.m; sourceTree = "<group>"; };
		A89AA3F51C4CB6990060F9EA /* JBChartView.h */ = {isa = PBXFileReference; fileEncoding = 4; lastKnownFileType = sourcecode.c.h; path = JBChartView.h; sourceTree = "<group>"; };
		A89AA3F61C4CB6990060F9EA /* JBChartView.m */ = {isa = PBXFileReference; fileEncoding = 4; lastKnownFileType = sourcecode.c.objc; path = JBChartView.m; sourceTree = "<group>"; };
		A89AA3F81C4CB6990060F9EA /* JBLineChartView.h */ = {isa = PBXFileReference; fileEncoding = 4; lastKnownFileType = sourcecode.c.h; path = JBLineChartView.h; sourceTree = "<group>"; };
		A89AA3F91C4CB6990060F9EA /* JBLineChartView.m */ = {isa = PBXFileReference; fileEncoding = 4; lastKnownFileType = sourcecode.c.objc; path = JBLineChartView.m; sourceTree = "<group>"; };
		A89AA3FA1C4CB6990060F9EA /* JBGradientLineLayer.h */ = {isa = PBXFileReference; fileEncoding = 4; lastKnownFileType = sourcecode.c.h; path = JBGradientLineLayer.h; sourceTree = "<group>"; };
		A89AA3FB1C4CB6990060F9EA /* JBGradientLineLayer.m */ = {isa = PBXFileReference; fileEncoding = 4; lastKnownFileType = sourcecode.c.objc; path = JBGradientLineLayer.m; sourceTree = "<group>"; };
		A89AA3FC1C4CB6990060F9EA /* JBShapeLineLayer.h */ = {isa = PBXFileReference; fileEncoding = 4; lastKnownFileType = sourcecode.c.h; path = JBShapeLineLayer.h; sourceTree = "<group>"; };
		A89AA3FD1C4CB6990060F9EA /* JBShapeLineLayer.m */ = {isa = PBXFileReference; fileEncoding = 4; lastKnownFileType = sourcecode.c.objc; path = JBShapeLineLayer.m; sourceTree = "<group>"; };
		A89AA3FF1C4CB6990060F9EA /* JBLineChartLine.h */ = {isa = PBXFileReference; fileEncoding = 4; lastKnownFileType = sourcecode.c.h; path = JBLineChartLine.h; sourceTree = "<group>"; };
		A89AA4001C4CB6990060F9EA /* JBLineChartLine.m */ = {isa = PBXFileReference; fileEncoding = 4; lastKnownFileType = sourcecode.c.objc; path = JBLineChartLine.m; sourceTree = "<group>"; };
		A89AA4011C4CB6990060F9EA /* JBLineChartPoint.h */ = {isa = PBXFileReference; fileEncoding = 4; lastKnownFileType = sourcecode.c.h; path = JBLineChartPoint.h; sourceTree = "<group>"; };
		A89AA4021C4CB6990060F9EA /* JBLineChartPoint.m */ = {isa = PBXFileReference; fileEncoding = 4; lastKnownFileType = sourcecode.c.objc; path = JBLineChartPoint.m; sourceTree = "<group>"; };
		A89AA4041C4CB6990060F9EA /* JBLineChartDotsView.h */ = {isa = PBXFileReference; fileEncoding = 4; lastKnownFileType = sourcecode.c.h; path = JBLineChartDotsView.h; sourceTree = "<group>"; };
		A89AA4051C4CB6990060F9EA /* JBLineChartDotsView.m */ = {isa = PBXFileReference; fileEncoding = 4; lastKnownFileType = sourcecode.c.objc; path = JBLineChartDotsView.m; sourceTree = "<group>"; };
		A89AA4061C4CB6990060F9EA /* JBLineChartDotView.h */ = {isa = PBXFileReference; fileEncoding = 4; lastKnownFileType = sourcecode.c.h; path = JBLineChartDotView.h; sourceTree = "<group>"; };
		A89AA4071C4CB6990060F9EA /* JBLineChartDotView.m */ = {isa = PBXFileReference; fileEncoding = 4; lastKnownFileType = sourcecode.c.objc; path = JBLineChartDotView.m; sourceTree = "<group>"; };
		A89AA4081C4CB6990060F9EA /* JBLineChartLinesView.h */ = {isa = PBXFileReference; fileEncoding = 4; lastKnownFileType = sourcecode.c.h; path = JBLineChartLinesView.h; sourceTree = "<group>"; };
		A89AA4091C4CB6990060F9EA /* JBLineChartLinesView.m */ = {isa = PBXFileReference; fileEncoding = 4; lastKnownFileType = sourcecode.c.objc; path = JBLineChartLinesView.m; sourceTree = "<group>"; };
		A89AA4251C4CB6F40060F9EA /* JBChartFramework.h */ = {isa = PBXFileReference; fileEncoding = 4; lastKnownFileType = sourcecode.c.h; name = JBChartFramework.h; path = ../../JBChartFramework/JBChartFramework.h; sourceTree = "<group>"; };
/* End PBXFileReference section */

/* Begin PBXFrameworksBuildPhase section */
		A87676B01A49447700BA0784 /* Frameworks */ = {
			isa = PBXFrameworksBuildPhase;
			buildActionMask = 2147483647;
			files = (
				A833769C1A4947F9004AE3F0 /* QuartzCore.framework in Frameworks */,
				A833769A1A4947F4004AE3F0 /* UIKit.framework in Frameworks */,
			);
			runOnlyForDeploymentPostprocessing = 0;
		};
		A87676BC1A49447700BA0784 /* Frameworks */ = {
			isa = PBXFrameworksBuildPhase;
			buildActionMask = 2147483647;
			files = (
				A87676C01A49447700BA0784 /* JBChartFramework.framework in Frameworks */,
			);
			runOnlyForDeploymentPostprocessing = 0;
		};
/* End PBXFrameworksBuildPhase section */

/* Begin PBXGroup section */
		A83376B31A494A4B004AE3F0 /* Frameworks */ = {
			isa = PBXGroup;
			children = (
				A833769B1A4947F9004AE3F0 /* QuartzCore.framework */,
				A83376991A4947F4004AE3F0 /* UIKit.framework */,
			);
			name = Frameworks;
			sourceTree = "<group>";
		};
		A87676AA1A49447700BA0784 = {
			isa = PBXGroup;
			children = (
				A89AA40C1C4CB6990060F9EA /* JBChartFramework */,
				A83376B31A494A4B004AE3F0 /* Frameworks */,
				A87676B51A49447700BA0784 /* Products */,
				A89AA3E61C4CB63C0060F9EA /* JBChartViewDemo.xcodeproj */,
			);
			sourceTree = "<group>";
		};
		A87676B51A49447700BA0784 /* Products */ = {
			isa = PBXGroup;
			children = (
				A87676B41A49447700BA0784 /* JBChartFramework.framework */,
				A87676BF1A49447700BA0784 /* JBChartFrameworkTests.xctest */,
			);
			name = Products;
			sourceTree = "<group>";
		};
		A89AA3E71C4CB63C0060F9EA /* Products */ = {
			isa = PBXGroup;
			children = (
				A89AA3EB1C4CB63C0060F9EA /* JBChartViewDemo.app */,
			);
			name = Products;
			sourceTree = "<group>";
		};
		A89AA3EE1C4CB6990060F9EA /* Additions */ = {
			isa = PBXGroup;
			children = (
				A89AA3EC1C4CB6990060F9EA /* NSMutableArray+JBStack.h */,
				A89AA3ED1C4CB6990060F9EA /* NSMutableArray+JBStack.m */,
			);
			name = Additions;
			path = ../../Classes/Additions;
			sourceTree = "<group>";
		};
		A89AA3F31C4CB6990060F9EA /* Views */ = {
			isa = PBXGroup;
			children = (
				A89AA3F11C4CB6990060F9EA /* JBGradientBarView.h */,
				A89AA3F21C4CB6990060F9EA /* JBGradientBarView.m */,
			);
			path = Views;
			sourceTree = "<group>";
		};
		A89AA3F41C4CB6990060F9EA /* Bar */ = {
			isa = PBXGroup;
			children = (
				A89AA3EF1C4CB6990060F9EA /* JBBarChartView.h */,
				A89AA3F01C4CB6990060F9EA /* JBBarChartView.m */,
				A89AA3F31C4CB6990060F9EA /* Views */,
			);
			name = Bar;
			path = ../../Classes/Bar;
			sourceTree = "<group>";
		};
		A89AA3F71C4CB6990060F9EA /* Base */ = {
			isa = PBXGroup;
			children = (
				A89AA3F51C4CB6990060F9EA /* JBChartView.h */,
				A89AA3F61C4CB6990060F9EA /* JBChartView.m */,
			);
			name = Base;
			path = ../../Classes/Base;
			sourceTree = "<group>";
		};
		A89AA3FE1C4CB6990060F9EA /* Layers */ = {
			isa = PBXGroup;
			children = (
				A89AA3FA1C4CB6990060F9EA /* JBGradientLineLayer.h */,
				A89AA3FB1C4CB6990060F9EA /* JBGradientLineLayer.m */,
				A89AA3FC1C4CB6990060F9EA /* JBShapeLineLayer.h */,
				A89AA3FD1C4CB6990060F9EA /* JBShapeLineLayer.m */,
			);
			path = Layers;
			sourceTree = "<group>";
		};
		A89AA4031C4CB6990060F9EA /* Models */ = {
			isa = PBXGroup;
			children = (
				A89AA3FF1C4CB6990060F9EA /* JBLineChartLine.h */,
				A89AA4001C4CB6990060F9EA /* JBLineChartLine.m */,
				A89AA4011C4CB6990060F9EA /* JBLineChartPoint.h */,
				A89AA4021C4CB6990060F9EA /* JBLineChartPoint.m */,
			);
			path = Models;
			sourceTree = "<group>";
		};
		A89AA40A1C4CB6990060F9EA /* Views */ = {
			isa = PBXGroup;
			children = (
				A89AA4041C4CB6990060F9EA /* JBLineChartDotsView.h */,
				A89AA4051C4CB6990060F9EA /* JBLineChartDotsView.m */,
				A89AA4061C4CB6990060F9EA /* JBLineChartDotView.h */,
				A89AA4071C4CB6990060F9EA /* JBLineChartDotView.m */,
				A89AA4081C4CB6990060F9EA /* JBLineChartLinesView.h */,
				A89AA4091C4CB6990060F9EA /* JBLineChartLinesView.m */,
			);
			path = Views;
			sourceTree = "<group>";
		};
		A89AA40B1C4CB6990060F9EA /* Line */ = {
			isa = PBXGroup;
			children = (
				A89AA3F81C4CB6990060F9EA /* JBLineChartView.h */,
				A89AA3F91C4CB6990060F9EA /* JBLineChartView.m */,
				A89AA3FE1C4CB6990060F9EA /* Layers */,
				A89AA4031C4CB6990060F9EA /* Models */,
				A89AA40A1C4CB6990060F9EA /* Views */,
			);
			name = Line;
			path = ../../Classes/Line;
			sourceTree = "<group>";
		};
		A89AA40C1C4CB6990060F9EA /* JBChartFramework */ = {
			isa = PBXGroup;
			children = (
				A89AA4251C4CB6F40060F9EA /* JBChartFramework.h */,
				A89AA3EE1C4CB6990060F9EA /* Additions */,
				A89AA3F41C4CB6990060F9EA /* Bar */,
				A89AA3F71C4CB6990060F9EA /* Base */,
				A89AA40B1C4CB6990060F9EA /* Line */,
			);
			name = JBChartFramework;
			path = ../graphPON/Seeds/JBChartView/JBChartViewDemo/JBChartViewDemo;
			sourceTree = "<group>";
		};
/* End PBXGroup section */

/* Begin PBXHeadersBuildPhase section */
		A87676B11A49447700BA0784 /* Headers */ = {
			isa = PBXHeadersBuildPhase;
			buildActionMask = 2147483647;
			files = (
				A89AA4261C4CB6F40060F9EA /* JBChartFramework.h in Headers */,
				A89AA4131C4CB6990060F9EA /* JBChartView.h in Headers */,
				A89AA4151C4CB6990060F9EA /* JBLineChartView.h in Headers */,
				A89AA40F1C4CB6990060F9EA /* JBBarChartView.h in Headers */,
				A89AA41D1C4CB6990060F9EA /* JBLineChartPoint.h in Headers */,
				A89AA4231C4CB6990060F9EA /* JBLineChartLinesView.h in Headers */,
				A89AA4211C4CB6990060F9EA /* JBLineChartDotView.h in Headers */,
				A89AA4171C4CB6990060F9EA /* JBGradientLineLayer.h in Headers */,
				A89AA4191C4CB6990060F9EA /* JBShapeLineLayer.h in Headers */,
				A89AA40D1C4CB6990060F9EA /* NSMutableArray+JBStack.h in Headers */,
				A89AA41F1C4CB6990060F9EA /* JBLineChartDotsView.h in Headers */,
				A89AA41B1C4CB6990060F9EA /* JBLineChartLine.h in Headers */,
				A89AA4111C4CB6990060F9EA /* JBGradientBarView.h in Headers */,
			);
			runOnlyForDeploymentPostprocessing = 0;
		};
/* End PBXHeadersBuildPhase section */

/* Begin PBXNativeTarget section */
		A87676B31A49447700BA0784 /* JBChartFramework */ = {
			isa = PBXNativeTarget;
			buildConfigurationList = A87676CA1A49447700BA0784 /* Build configuration list for PBXNativeTarget "JBChartFramework" */;
			buildPhases = (
				A87676AF1A49447700BA0784 /* Sources */,
				A87676B01A49447700BA0784 /* Frameworks */,
				A87676B11A49447700BA0784 /* Headers */,
				A87676B21A49447700BA0784 /* Resources */,
			);
			buildRules = (
			);
			dependencies = (
			);
			name = JBChartFramework;
			productName = JBChartFramework;
			productReference = A87676B41A49447700BA0784 /* JBChartFramework.framework */;
			productType = "com.apple.product-type.framework";
		};
		A87676BE1A49447700BA0784 /* JBChartFrameworkTests */ = {
			isa = PBXNativeTarget;
			buildConfigurationList = A87676CD1A49447700BA0784 /* Build configuration list for PBXNativeTarget "JBChartFrameworkTests" */;
			buildPhases = (
				A87676BB1A49447700BA0784 /* Sources */,
				A87676BC1A49447700BA0784 /* Frameworks */,
				A87676BD1A49447700BA0784 /* Resources */,
			);
			buildRules = (
			);
			dependencies = (
				A87676C21A49447700BA0784 /* PBXTargetDependency */,
			);
			name = JBChartFrameworkTests;
			productName = JBChartFrameworkTests;
			productReference = A87676BF1A49447700BA0784 /* JBChartFrameworkTests.xctest */;
			productType = "com.apple.product-type.bundle.unit-test";
		};
/* End PBXNativeTarget section */

/* Begin PBXProject section */
		A87676AB1A49447700BA0784 /* Project object */ = {
			isa = PBXProject;
			attributes = {
				LastUpgradeCheck = 0610;
				ORGANIZATIONNAME = Jawbone;
				TargetAttributes = {
					A87676B31A49447700BA0784 = {
						CreatedOnToolsVersion = 6.1.1;
					};
					A87676BE1A49447700BA0784 = {
						CreatedOnToolsVersion = 6.1.1;
					};
				};
			};
			buildConfigurationList = A87676AE1A49447700BA0784 /* Build configuration list for PBXProject "JBChartFramework" */;
			compatibilityVersion = "Xcode 3.2";
			developmentRegion = English;
			hasScannedForEncodings = 0;
			knownRegions = (
				en,
			);
			mainGroup = A87676AA1A49447700BA0784;
			productRefGroup = A87676B51A49447700BA0784 /* Products */;
			projectDirPath = "";
			projectReferences = (
				{
					ProductGroup = A89AA3E71C4CB63C0060F9EA /* Products */;
					ProjectRef = A89AA3E61C4CB63C0060F9EA /* JBChartViewDemo.xcodeproj */;
				},
			);
			projectRoot = "";
			targets = (
				A87676B31A49447700BA0784 /* JBChartFramework */,
				A87676BE1A49447700BA0784 /* JBChartFrameworkTests */,
			);
		};
/* End PBXProject section */

/* Begin PBXReferenceProxy section */
		A89AA3EB1C4CB63C0060F9EA /* JBChartViewDemo.app */ = {
			isa = PBXReferenceProxy;
			fileType = wrapper.application;
			path = JBChartViewDemo.app;
			remoteRef = A89AA3EA1C4CB63C0060F9EA /* PBXContainerItemProxy */;
			sourceTree = BUILT_PRODUCTS_DIR;
		};
/* End PBXReferenceProxy section */

/* Begin PBXResourcesBuildPhase section */
		A87676B21A49447700BA0784 /* Resources */ = {
			isa = PBXResourcesBuildPhase;
			buildActionMask = 2147483647;
			files = (
			);
			runOnlyForDeploymentPostprocessing = 0;
		};
		A87676BD1A49447700BA0784 /* Resources */ = {
			isa = PBXResourcesBuildPhase;
			buildActionMask = 2147483647;
			files = (
			);
			runOnlyForDeploymentPostprocessing = 0;
		};
/* End PBXResourcesBuildPhase section */

/* Begin PBXSourcesBuildPhase section */
		A87676AF1A49447700BA0784 /* Sources */ = {
			isa = PBXSourcesBuildPhase;
			buildActionMask = 2147483647;
			files = (
				A89AA4241C4CB6990060F9EA /* JBLineChartLinesView.m in Sources */,
				A89AA41E1C4CB6990060F9EA /* JBLineChartPoint.m in Sources */,
				A89AA4101C4CB6990060F9EA /* JBBarChartView.m in Sources */,
				A89AA4201C4CB6990060F9EA /* JBLineChartDotsView.m in Sources */,
				A89AA41C1C4CB6990060F9EA /* JBLineChartLine.m in Sources */,
				A89AA4181C4CB6990060F9EA /* JBGradientLineLayer.m in Sources */,
				A89AA4121C4CB6990060F9EA /* JBGradientBarView.m in Sources */,
				A89AA4221C4CB6990060F9EA /* JBLineChartDotView.m in Sources */,
				A89AA4141C4CB6990060F9EA /* JBChartView.m in Sources */,
				A89AA4161C4CB6990060F9EA /* JBLineChartView.m in Sources */,
				A89AA40E1C4CB6990060F9EA /* NSMutableArray+JBStack.m in Sources */,
				A89AA41A1C4CB6990060F9EA /* JBShapeLineLayer.m in Sources */,
			);
			runOnlyForDeploymentPostprocessing = 0;
		};
		A87676BB1A49447700BA0784 /* Sources */ = {
			isa = PBXSourcesBuildPhase;
			buildActionMask = 2147483647;
			files = (
			);
			runOnlyForDeploymentPostprocessing = 0;
		};
/* End PBXSourcesBuildPhase section */

/* Begin PBXTargetDependency section */
		A87676C21A49447700BA0784 /* PBXTargetDependency */ = {
			isa = PBXTargetDependency;
			target = A87676B31A49447700BA0784 /* JBChartFramework */;
			targetProxy = A87676C11A49447700BA0784 /* PBXContainerItemProxy */;
		};
/* End PBXTargetDependency section */

/* Begin XCBuildConfiguration section */
		A87676C81A49447700BA0784 /* Debug */ = {
			isa = XCBuildConfiguration;
			buildSettings = {
				ALWAYS_SEARCH_USER_PATHS = NO;
				CLANG_CXX_LANGUAGE_STANDARD = "gnu++0x";
				CLANG_CXX_LIBRARY = "libc++";
				CLANG_ENABLE_MODULES = YES;
				CLANG_ENABLE_OBJC_ARC = YES;
				CLANG_WARN_BOOL_CONVERSION = YES;
				CLANG_WARN_CONSTANT_CONVERSION = YES;
				CLANG_WARN_DIRECT_OBJC_ISA_USAGE = YES_ERROR;
				CLANG_WARN_EMPTY_BODY = YES;
				CLANG_WARN_ENUM_CONVERSION = YES;
				CLANG_WARN_INT_CONVERSION = YES;
				CLANG_WARN_OBJC_ROOT_CLASS = YES_ERROR;
				CLANG_WARN_UNREACHABLE_CODE = YES;
				CLANG_WARN__DUPLICATE_METHOD_MATCH = YES;
				"CODE_SIGN_IDENTITY[sdk=iphoneos*]" = "iPhone Developer";
				COPY_PHASE_STRIP = NO;
				CURRENT_PROJECT_VERSION = 1;
				ENABLE_STRICT_OBJC_MSGSEND = YES;
				GCC_C_LANGUAGE_STANDARD = gnu99;
				GCC_DYNAMIC_NO_PIC = NO;
				GCC_OPTIMIZATION_LEVEL = 0;
				GCC_PREPROCESSOR_DEFINITIONS = (
					"DEBUG=1",
					"$(inherited)",
				);
				GCC_SYMBOLS_PRIVATE_EXTERN = NO;
				GCC_WARN_64_TO_32_BIT_CONVERSION = YES;
				GCC_WARN_ABOUT_RETURN_TYPE = YES_ERROR;
				GCC_WARN_UNDECLARED_SELECTOR = YES;
				GCC_WARN_UNINITIALIZED_AUTOS = YES_AGGRESSIVE;
				GCC_WARN_UNUSED_FUNCTION = YES;
				GCC_WARN_UNUSED_VARIABLE = YES;
				IPHONEOS_DEPLOYMENT_TARGET = 8.1;
				MTL_ENABLE_DEBUG_INFO = YES;
				ONLY_ACTIVE_ARCH = YES;
				SDKROOT = iphoneos;
				TARGETED_DEVICE_FAMILY = "1,2";
				VERSIONING_SYSTEM = "apple-generic";
				VERSION_INFO_PREFIX = "";
			};
			name = Debug;
		};
		A87676C91A49447700BA0784 /* Release */ = {
			isa = XCBuildConfiguration;
			buildSettings = {
				ALWAYS_SEARCH_USER_PATHS = NO;
				CLANG_CXX_LANGUAGE_STANDARD = "gnu++0x";
				CLANG_CXX_LIBRARY = "libc++";
				CLANG_ENABLE_MODULES = YES;
				CLANG_ENABLE_OBJC_ARC = YES;
				CLANG_WARN_BOOL_CONVERSION = YES;
				CLANG_WARN_CONSTANT_CONVERSION = YES;
				CLANG_WARN_DIRECT_OBJC_ISA_USAGE = YES_ERROR;
				CLANG_WARN_EMPTY_BODY = YES;
				CLANG_WARN_ENUM_CONVERSION = YES;
				CLANG_WARN_INT_CONVERSION = YES;
				CLANG_WARN_OBJC_ROOT_CLASS = YES_ERROR;
				CLANG_WARN_UNREACHABLE_CODE = YES;
				CLANG_WARN__DUPLICATE_METHOD_MATCH = YES;
				"CODE_SIGN_IDENTITY[sdk=iphoneos*]" = "iPhone Developer";
				COPY_PHASE_STRIP = YES;
				CURRENT_PROJECT_VERSION = 1;
				ENABLE_NS_ASSERTIONS = NO;
				ENABLE_STRICT_OBJC_MSGSEND = YES;
				GCC_C_LANGUAGE_STANDARD = gnu99;
				GCC_WARN_64_TO_32_BIT_CONVERSION = YES;
				GCC_WARN_ABOUT_RETURN_TYPE = YES_ERROR;
				GCC_WARN_UNDECLARED_SELECTOR = YES;
				GCC_WARN_UNINITIALIZED_AUTOS = YES_AGGRESSIVE;
				GCC_WARN_UNUSED_FUNCTION = YES;
				GCC_WARN_UNUSED_VARIABLE = YES;
				IPHONEOS_DEPLOYMENT_TARGET = 8.1;
				MTL_ENABLE_DEBUG_INFO = NO;
				SDKROOT = iphoneos;
				TARGETED_DEVICE_FAMILY = "1,2";
				VALIDATE_PRODUCT = YES;
				VERSIONING_SYSTEM = "apple-generic";
				VERSION_INFO_PREFIX = "";
			};
			name = Release;
		};
		A87676CB1A49447700BA0784 /* Debug */ = {
			isa = XCBuildConfiguration;
			buildSettings = {
				APPLICATION_EXTENSION_API_ONLY = YES;
				DEFINES_MODULE = YES;
				DYLIB_COMPATIBILITY_VERSION = 1;
				DYLIB_CURRENT_VERSION = 1;
				DYLIB_INSTALL_NAME_BASE = "@rpath";
				INFOPLIST_FILE = JBChartFramework/Info.plist;
				INSTALL_PATH = "$(LOCAL_LIBRARY_DIR)/Frameworks";
				LD_RUNPATH_SEARCH_PATHS = "$(inherited) @executable_path/Frameworks @loader_path/Frameworks";
				PRODUCT_NAME = "$(TARGET_NAME)";
				SKIP_INSTALL = YES;
			};
			name = Debug;
		};
		A87676CC1A49447700BA0784 /* Release */ = {
			isa = XCBuildConfiguration;
			buildSettings = {
				APPLICATION_EXTENSION_API_ONLY = YES;
				DEFINES_MODULE = YES;
				DYLIB_COMPATIBILITY_VERSION = 1;
				DYLIB_CURRENT_VERSION = 1;
				DYLIB_INSTALL_NAME_BASE = "@rpath";
				INFOPLIST_FILE = JBChartFramework/Info.plist;
				INSTALL_PATH = "$(LOCAL_LIBRARY_DIR)/Frameworks";
				LD_RUNPATH_SEARCH_PATHS = "$(inherited) @executable_path/Frameworks @loader_path/Frameworks";
				PRODUCT_NAME = "$(TARGET_NAME)";
				SKIP_INSTALL = YES;
			};
			name = Release;
		};
		A87676CE1A49447700BA0784 /* Debug */ = {
			isa = XCBuildConfiguration;
			buildSettings = {
				FRAMEWORK_SEARCH_PATHS = (
					"$(SDKROOT)/Developer/Library/Frameworks",
					"$(inherited)",
				);
				GCC_PREPROCESSOR_DEFINITIONS = (
					"DEBUG=1",
					"$(inherited)",
				);
				INFOPLIST_FILE = JBChartFrameworkTests/Info.plist;
				LD_RUNPATH_SEARCH_PATHS = "$(inherited) @executable_path/Frameworks @loader_path/Frameworks";
				PRODUCT_NAME = "$(TARGET_NAME)";
			};
			name = Debug;
		};
		A87676CF1A49447700BA0784 /* Release */ = {
			isa = XCBuildConfiguration;
			buildSettings = {
				FRAMEWORK_SEARCH_PATHS = (
					"$(SDKROOT)/Developer/Library/Frameworks",
					"$(inherited)",
				);
				INFOPLIST_FILE = JBChartFrameworkTests/Info.plist;
				LD_RUNPATH_SEARCH_PATHS = "$(inherited) @executable_path/Frameworks @loader_path/Frameworks";
				PRODUCT_NAME = "$(TARGET_NAME)";
			};
			name = Release;
		};
/* End XCBuildConfiguration section */

/* Begin XCConfigurationList section */
		A87676AE1A49447700BA0784 /* Build configuration list for PBXProject "JBChartFramework" */ = {
			isa = XCConfigurationList;
			buildConfigurations = (
				A87676C81A49447700BA0784 /* Debug */,
				A87676C91A49447700BA0784 /* Release */,
			);
			defaultConfigurationIsVisible = 0;
			defaultConfigurationName = Release;
		};
		A87676CA1A49447700BA0784 /* Build configuration list for PBXNativeTarget "JBChartFramework" */ = {
			isa = XCConfigurationList;
			buildConfigurations = (
				A87676CB1A49447700BA0784 /* Debug */,
				A87676CC1A49447700BA0784 /* Release */,
			);
			defaultConfigurationIsVisible = 0;
			defaultConfigurationName = Release;
		};
		A87676CD1A49447700BA0784 /* Build configuration list for PBXNativeTarget "JBChartFrameworkTests" */ = {
			isa = XCConfigurationList;
			buildConfigurations = (
				A87676CE1A49447700BA0784 /* Debug */,
				A87676CF1A49447700BA0784 /* Release */,
			);
			defaultConfigurationIsVisible = 0;
			defaultConfigurationName = Release;
		};
/* End XCConfigurationList section */
	};
	rootObject = A87676AB1A49447700BA0784 /* Project object */;
}
